
Microsoft Visual Studio Solution File, Format Version 12.00
# Visual Studio Version 17
VisualStudioVersion = 17.0.31903.59
MinimumVisualStudioVersion = 10.0.40219.1
Project("{2150E333-8FDC-42A3-9474-1A3956D46DE8}") = "src", "src", "{808B59A1-E845-4212-A69C-CBA5355A4D7E}"
EndProject
Project("{FAE04EC0-301F-11D3-BF4B-00C04F79EFBC}") = "SequenceFrameViewer", "src\SequenceFrameViewer\SequenceFrameViewer.csproj", "{76B84A48-0F30-4237-9D03-845921D1F549}"
EndProject
Global
	GlobalSection(SolutionConfigurationPlatforms) = preSolution
		Debug|Any CPU = Debug|Any CPU
		Release|Any CPU = Release|Any CPU
	EndGlobalSection
	GlobalSection(SolutionProperties) = preSolution
		HideSolutionNode = FALSE
	EndGlobalSection
	GlobalSection(ProjectConfigurationPlatforms) = postSolution
		{76B84A48-0F30-4237-9D03-845921D1F549}.Debug|Any CPU.ActiveCfg = Debug|Any CPU
		{76B84A48-0F30-4237-9D03-845921D1F549}.Debug|Any CPU.Build.0 = Debug|Any CPU
		{76B84A48-0F30-4237-9D03-845921D1F549}.Release|Any CPU.ActiveCfg = Release|Any CPU
		{76B84A48-0F30-4237-9D03-845921D1F549}.Release|Any CPU.Build.0 = Release|Any CPU
	EndGlobalSection
	GlobalSection(NestedProjects) = preSolution
		{76B84A48-0F30-4237-9D03-845921D1F549} = {808B59A1-E845-4212-A69C-CBA5355A4D7E}
	EndGlobalSection
EndGlobal
